
Microsoft Visual Studio Solution File, Format Version 12.00
# Visual Studio Version 17
VisualStudioVersion = 17.3.32922.545
MinimumVisualStudioVersion = 10.0.40219.1
Project("{FAE04EC0-301F-11D3-BF4B-00C04F79EFBC}") = "GrpcServiceCRUD", "GrpcServiceCRUD\GrpcServiceCRUD.csproj", "{67686BDC-FEEC-40A9-8B67-621BA252C3E9}"
EndProject
Project("{FAE04EC0-301F-11D3-BF4B-00C04F79EFBC}") = "WebApplicationConnect", "WebApplicationConnect\WebApplicationConnect.csproj", "{061C1EA0-90A1-400C-BDCE-25B680EC6B8E}"
EndProject
Global
	GlobalSection(SolutionConfigurationPlatforms) = preSolution
		Debug|Any CPU = Debug|Any CPU
		Release|Any CPU = Release|Any CPU
	EndGlobalSection
	GlobalSection(ProjectConfigurationPlatforms) = postSolution
		{67686BDC-FEEC-40A9-8B67-621BA252C3E9}.Debug|Any CPU.ActiveCfg = Debug|Any CPU
		{67686BDC-FEEC-40A9-8B67-621BA252C3E9}.Debug|Any CPU.Build.0 = Debug|Any CPU
		{67686BDC-FEEC-40A9-8B67-621BA252C3E9}.Release|Any CPU.ActiveCfg = Release|Any CPU
		{67686BDC-FEEC-40A9-8B67-621BA252C3E9}.Release|Any CPU.Build.0 = Release|Any CPU
		{061C1EA0-90A1-400C-BDCE-25B680EC6B8E}.Debug|Any CPU.ActiveCfg = Debug|Any CPU
		{061C1EA0-90A1-400C-BDCE-25B680EC6B8E}.Debug|Any CPU.Build.0 = Debug|Any CPU
		{061C1EA0-90A1-400C-BDCE-25B680EC6B8E}.Release|Any CPU.ActiveCfg = Release|Any CPU
		{061C1EA0-90A1-400C-BDCE-25B680EC6B8E}.Release|Any CPU.Build.0 = Release|Any CPU
	EndGlobalSection
	GlobalSection(SolutionProperties) = preSolution
		HideSolutionNode = FALSE
	EndGlobalSection
	GlobalSection(ExtensibilityGlobals) = postSolution
		SolutionGuid = {AF9C3C69-4E9B-416B-83D0-483E001C075B}
	EndGlobalSection
EndGlobal
